
Microsoft Visual Studio Solution File, Format Version 12.00
# Visual Studio Version 16
VisualStudioVersion = 16.0.29806.167
MinimumVisualStudioVersion = 10.0.40219.1
Project("{FAE04EC0-301F-11D3-BF4B-00C04F79EFBC}") = "MegaTriviaQuiz", "MegaTriviaQuiz\MegaTriviaQuiz.csproj", "{C2D32723-667F-4E25-90BB-DA46D2A38FC7}"
EndProject
Project("{FAE04EC0-301F-11D3-BF4B-00C04F79EFBC}") = "MegaTriviaQuiz.models", "MegaTriviaQuiz.models\MegaTriviaQuiz.models.csproj", "{A955F9AC-7643-4074-A161-DB2AB94F8C74}"
EndProject
Global
	GlobalSection(SolutionConfigurationPlatforms) = preSolution
		Debug|Any CPU = Debug|Any CPU
		Release|Any CPU = Release|Any CPU
	EndGlobalSection
	GlobalSection(ProjectConfigurationPlatforms) = postSolution
		{C2D32723-667F-4E25-90BB-DA46D2A38FC7}.Debug|Any CPU.ActiveCfg = Debug|Any CPU
		{C2D32723-667F-4E25-90BB-DA46D2A38FC7}.Debug|Any CPU.Build.0 = Debug|Any CPU
		{C2D32723-667F-4E25-90BB-DA46D2A38FC7}.Release|Any CPU.ActiveCfg = Release|Any CPU
		{C2D32723-667F-4E25-90BB-DA46D2A38FC7}.Release|Any CPU.Build.0 = Release|Any CPU
		{A955F9AC-7643-4074-A161-DB2AB94F8C74}.Debug|Any CPU.ActiveCfg = Debug|Any CPU
		{A955F9AC-7643-4074-A161-DB2AB94F8C74}.Debug|Any CPU.Build.0 = Debug|Any CPU
		{A955F9AC-7643-4074-A161-DB2AB94F8C74}.Release|Any CPU.ActiveCfg = Release|Any CPU
		{A955F9AC-7643-4074-A161-DB2AB94F8C74}.Release|Any CPU.Build.0 = Release|Any CPU
	EndGlobalSection
	GlobalSection(SolutionProperties) = preSolution
		HideSolutionNode = FALSE
	EndGlobalSection
	GlobalSection(ExtensibilityGlobals) = postSolution
		SolutionGuid = {8D472B1C-696E-431D-9029-9F982E2FEE8C}
	EndGlobalSection
EndGlobal
